
Microsoft Visual Studio Solution File, Format Version 12.00
# Visual Studio Version 17
VisualStudioVersion = 17.4.33205.214
MinimumVisualStudioVersion = 10.0.40219.1
Project("{FAE04EC0-301F-11D3-BF4B-00C04F79EFBC}") = "EmlaBot.Console", "EmlaBot.Console\EmlaBot.Console.csproj", "{000D837C-7C33-4FEB-8C77-354F6B01C361}"
EndProject
Project("{FAE04EC0-301F-11D3-BF4B-00C04F79EFBC}") = "EmlaBot.Models", "EmlaBot.Models\EmlaBot.Models.csproj", "{46CE2CF4-2166-4886-A1A7-F351377D175B}"
EndProject
Project("{FAE04EC0-301F-11D3-BF4B-00C04F79EFBC}") = "EmlaBot.Services", "EmlaBot.Services\EmlaBot.Services.csproj", "{749BD563-12A3-45AB-ADF0-DDD2930D5884}"
EndProject
Project("{FAE04EC0-301F-11D3-BF4B-00C04F79EFBC}") = "EmlaBot.Services.UnitTests", "EmlaBot.Services.UnitTests\EmlaBot.Services.UnitTests.csproj", "{64E399FA-171A-490D-A61F-0D27B03608BE}"
EndProject
Global
	GlobalSection(SolutionConfigurationPlatforms) = preSolution
		Debug|Any CPU = Debug|Any CPU
		Release|Any CPU = Release|Any CPU
	EndGlobalSection
	GlobalSection(ProjectConfigurationPlatforms) = postSolution
		{000D837C-7C33-4FEB-8C77-354F6B01C361}.Debug|Any CPU.ActiveCfg = Debug|Any CPU
		{000D837C-7C33-4FEB-8C77-354F6B01C361}.Debug|Any CPU.Build.0 = Debug|Any CPU
		{000D837C-7C33-4FEB-8C77-354F6B01C361}.Release|Any CPU.ActiveCfg = Release|Any CPU
		{000D837C-7C33-4FEB-8C77-354F6B01C361}.Release|Any CPU.Build.0 = Release|Any CPU
		{46CE2CF4-2166-4886-A1A7-F351377D175B}.Debug|Any CPU.ActiveCfg = Debug|Any CPU
		{46CE2CF4-2166-4886-A1A7-F351377D175B}.Debug|Any CPU.Build.0 = Debug|Any CPU
		{46CE2CF4-2166-4886-A1A7-F351377D175B}.Release|Any CPU.ActiveCfg = Release|Any CPU
		{46CE2CF4-2166-4886-A1A7-F351377D175B}.Release|Any CPU.Build.0 = Release|Any CPU
		{749BD563-12A3-45AB-ADF0-DDD2930D5884}.Debug|Any CPU.ActiveCfg = Debug|Any CPU
		{749BD563-12A3-45AB-ADF0-DDD2930D5884}.Debug|Any CPU.Build.0 = Debug|Any CPU
		{749BD563-12A3-45AB-ADF0-DDD2930D5884}.Release|Any CPU.ActiveCfg = Release|Any CPU
		{749BD563-12A3-45AB-ADF0-DDD2930D5884}.Release|Any CPU.Build.0 = Release|Any CPU
		{64E399FA-171A-490D-A61F-0D27B03608BE}.Debug|Any CPU.ActiveCfg = Debug|Any CPU
		{64E399FA-171A-490D-A61F-0D27B03608BE}.Debug|Any CPU.Build.0 = Debug|Any CPU
		{64E399FA-171A-490D-A61F-0D27B03608BE}.Release|Any CPU.ActiveCfg = Release|Any CPU
		{64E399FA-171A-490D-A61F-0D27B03608BE}.Release|Any CPU.Build.0 = Release|Any CPU
	EndGlobalSection
	GlobalSection(SolutionProperties) = preSolution
		HideSolutionNode = FALSE
	EndGlobalSection
	GlobalSection(ExtensibilityGlobals) = postSolution
		SolutionGuid = {1CE6D75A-9850-4B1A-BA98-5F0F70BDA546}
	EndGlobalSection
EndGlobal
